// !$*UTF8*$!
{
	archiveVersion = 1;
	classes = {
	};
	objectVersion = 46;
	objects = {

/* Begin PBXBuildFile section */
		6037B1C4187F307D00685A7F /* Cocoa.framework in Frameworks */ = {isa = PBXBuildFile; fileRef = 6037B1C3187F307D00685A7F /* Cocoa.framework */; };
		6037B1CE187F307D00685A7F /* InfoPlist.strings in Resources */ = {isa = PBXBuildFile; fileRef = 6037B1CC187F307D00685A7F /* InfoPlist.strings */; };
		6037B1D0187F307D00685A7F /* main.m in Sources */ = {isa = PBXBuildFile; fileRef = 6037B1CF187F307D00685A7F /* main.m */; };
		6037B1D4187F307D00685A7F /* Credits.rtf in Resources */ = {isa = PBXBuildFile; fileRef = 6037B1D2187F307D00685A7F /* Credits.rtf */; };
		6037B1D7187F307D00685A7F /* AppDelegate.m in Sources */ = {isa = PBXBuildFile; fileRef = 6037B1D6187F307D00685A7F /* AppDelegate.m */; };
		6037B1DA187F307D00685A7F /* MainMenu.xib in Resources */ = {isa = PBXBuildFile; fileRef = 6037B1D8187F307D00685A7F /* MainMenu.xib */; };
		6037B1DC187F307D00685A7F /* Images.xcassets in Resources */ = {isa = PBXBuildFile; fileRef = 6037B1DB187F307D00685A7F /* Images.xcassets */; };
		608F872C1951E92300888ECD /* CAXSystemPreferencesUtil.m in Sources */ = {isa = PBXBuildFile; fileRef = 608F872B1951E92300888ECD /* CAXSystemPreferencesUtil.m */; };
		60CDF3FA1880ABFF00D3EF18 /* AccessibilityInfoWindow.xib in Resources */ = {isa = PBXBuildFile; fileRef = 60CDF3F41880ABFF00D3EF18 /* AccessibilityInfoWindow.xib */; };
		60CDF3FB1880ABFF00D3EF18 /* AccessibilityResources.xcassets in Resources */ = {isa = PBXBuildFile; fileRef = 60CDF3F51880ABFF00D3EF18 /* AccessibilityResources.xcassets */; };
		60CDF3FC1880ABFF00D3EF18 /* CAXAccessibilityObserver.m in Sources */ = {isa = PBXBuildFile; fileRef = 60CDF3F71880ABFF00D3EF18 /* CAXAccessibilityObserver.m */; };
		60CDF3FD1880ABFF00D3EF18 /* CAXAccessibilityPanelController.m in Sources */ = {isa = PBXBuildFile; fileRef = 60CDF3F91880ABFF00D3EF18 /* CAXAccessibilityPanelController.m */; };
/* End PBXBuildFile section */

/* Begin PBXFileReference section */
		6037B1C0187F307D00685A7F /* AccessibilityObserver.app */ = {isa = PBXFileReference; explicitFileType = wrapper.application; includeInIndex = 0; path = AccessibilityObserver.app; sourceTree = BUILT_PRODUCTS_DIR; };
		6037B1C3187F307D00685A7F /* Cocoa.framework */ = {isa = PBXFileReference; lastKnownFileType = wrapper.framework; name = Cocoa.framework; path = System/Library/Frameworks/Cocoa.framework; sourceTree = SDKROOT; };
		6037B1C6187F307D00685A7F /* AppKit.framework */ = {isa = PBXFileReference; lastKnownFileType = wrapper.framework; name = AppKit.framework; path = System/Library/Frameworks/AppKit.framework; sourceTree = SDKROOT; };
		6037B1C7187F307D00685A7F /* CoreData.framework */ = {isa = PBXFileReference; lastKnownFileType = wrapper.framework; name = CoreData.framework; path = System/Library/Frameworks/CoreData.framework; sourceTree = SDKROOT; };
		6037B1C8187F307D00685A7F /* Foundation.framework */ = {isa = PBXFileReference; lastKnownFileType = wrapper.framework; name = Foundation.framework; path = System/Library/Frameworks/Foundation.framework; sourceTree = SDKROOT; };
		6037B1CB187F307D00685A7F /* AccessibilityObserver-Info.plist */ = {isa = PBXFileReference; lastKnownFileType = text.plist.xml; path = "AccessibilityObserver-Info.plist"; sourceTree = "<group>"; };
		6037B1CD187F307D00685A7F /* en */ = {isa = PBXFileReference; lastKnownFileType = text.plist.strings; name = en; path = en.lproj/InfoPlist.strings; sourceTree = "<group>"; };
		6037B1CF187F307D00685A7F /* main.m */ = {isa = PBXFileReference; lastKnownFileType = sourcecode.c.objc; path = main.m; sourceTree = "<group>"; };
		6037B1D1187F307D00685A7F /* AccessibilityObserver-Prefix.pch */ = {isa = PBXFileReference; lastKnownFileType = sourcecode.c.h; path = "AccessibilityObserver-Prefix.pch"; sourceTree = "<group>"; };
		6037B1D3187F307D00685A7F /* en */ = {isa = PBXFileReference; lastKnownFileType = text.rtf; name = en; path = en.lproj/Credits.rtf; sourceTree = "<group>"; };
		6037B1D5187F307D00685A7F /* AppDelegate.h */ = {isa = PBXFileReference; lastKnownFileType = sourcecode.c.h; path = AppDelegate.h; sourceTree = "<group>"; };
		6037B1D6187F307D00685A7F /* AppDelegate.m */ = {isa = PBXFileReference; lastKnownFileType = sourcecode.c.objc; path = AppDelegate.m; sourceTree = "<group>"; };
		6037B1D9187F307D00685A7F /* Base */ = {isa = PBXFileReference; lastKnownFileType = file.xib; name = Base; path = Base.lproj/MainMenu.xib; sourceTree = "<group>"; };
		6037B1DB187F307D00685A7F /* Images.xcassets */ = {isa = PBXFileReference; lastKnownFileType = folder.assetcatalog; path = Images.xcassets; sourceTree = "<group>"; };
		6037B1E2187F307D00685A7F /* XCTest.framework */ = {isa = PBXFileReference; lastKnownFileType = wrapper.framework; name = XCTest.framework; path = Library/Frameworks/XCTest.framework; sourceTree = DEVELOPER_DIR; };
		608F872A1951E92300888ECD /* CAXSystemPreferencesUtil.h */ = {isa = PBXFileReference; fileEncoding = 4; lastKnownFileType = sourcecode.c.h; name = CAXSystemPreferencesUtil.h; path = ../../Source/CAXSystemPreferencesUtil.h; sourceTree = "<group>"; };
		608F872B1951E92300888ECD /* CAXSystemPreferencesUtil.m */ = {isa = PBXFileReference; fileEncoding = 4; lastKnownFileType = sourcecode.c.objc; name = CAXSystemPreferencesUtil.m; path = ../../Source/CAXSystemPreferencesUtil.m; sourceTree = "<group>"; };
		60CDF3F41880ABFF00D3EF18 /* AccessibilityInfoWindow.xib */ = {isa = PBXFileReference; fileEncoding = 4; lastKnownFileType = file.xib; name = AccessibilityInfoWindow.xib; path = ../../Source/AccessibilityInfoWindow.xib; sourceTree = "<group>"; };
		60CDF3F51880ABFF00D3EF18 /* AccessibilityResources.xcassets */ = {isa = PBXFileReference; lastKnownFileType = folder.assetcatalog; name = AccessibilityResources.xcassets; path = ../../Source/AccessibilityResources.xcassets; sourceTree = "<group>"; };
		60CDF3F61880ABFF00D3EF18 /* CAXAccessibilityObserver.h */ = {isa = PBXFileReference; fileEncoding = 4; lastKnownFileType = sourcecode.c.h; name = CAXAccessibilityObserver.h; path = ../../Source/CAXAccessibilityObserver.h; sourceTree = "<group>"; };
		60CDF3F71880ABFF00D3EF18 /* CAXAccessibilityObserver.m */ = {isa = PBXFileReference; fileEncoding = 4; lastKnownFileType = sourcecode.c.objc; name = CAXAccessibilityObserver.m; path = ../../Source/CAXAccessibilityObserver.m; sourceTree = "<group>"; };
		60CDF3F81880ABFF00D3EF18 /* CAXAccessibilityPanelController.h */ = {isa = PBXFileReference; fileEncoding = 4; lastKnownFileType = sourcecode.c.h; name = CAXAccessibilityPanelController.h; path = ../../Source/CAXAccessibilityPanelController.h; sourceTree = "<group>"; };
		60CDF3F91880ABFF00D3EF18 /* CAXAccessibilityPanelController.m */ = {isa = PBXFileReference; fileEncoding = 4; lastKnownFileType = sourcecode.c.objc; name = CAXAccessibilityPanelController.m; path = ../../Source/CAXAccessibilityPanelController.m; sourceTree = "<group>"; };
/* End PBXFileReference section */

/* Begin PBXFrameworksBuildPhase section */
		6037B1BD187F307D00685A7F /* Frameworks */ = {
			isa = PBXFrameworksBuildPhase;
			buildActionMask = 2147483647;
			files = (
				6037B1C4187F307D00685A7F /* Cocoa.framework in Frameworks */,
			);
			runOnlyForDeploymentPostprocessing = 0;
		};
/* End PBXFrameworksBuildPhase section */

/* Begin PBXGroup section */
		6037B1B7187F307C00685A7F = {
			isa = PBXGroup;
			children = (
				6037B1C9187F307D00685A7F /* Example App */,
				60CDF3F31880A9AA00D3EF18 /* Accessibility Observation */,
				6037B1CA187F307D00685A7F /* Supporting Files */,
				6037B1C2187F307D00685A7F /* Frameworks */,
				6037B1C1187F307D00685A7F /* Products */,
			);
			sourceTree = "<group>";
		};
		6037B1C1187F307D00685A7F /* Products */ = {
			isa = PBXGroup;
			children = (
				6037B1C0187F307D00685A7F /* AccessibilityObserver.app */,
			);
			name = Products;
			sourceTree = "<group>";
		};
		6037B1C2187F307D00685A7F /* Frameworks */ = {
			isa = PBXGroup;
			children = (
				6037B1C3187F307D00685A7F /* Cocoa.framework */,
				6037B1E2187F307D00685A7F /* XCTest.framework */,
				6037B1C5187F307D00685A7F /* Other Frameworks */,
			);
			name = Frameworks;
			sourceTree = "<group>";
		};
		6037B1C5187F307D00685A7F /* Other Frameworks */ = {
			isa = PBXGroup;
			children = (
				6037B1C6187F307D00685A7F /* AppKit.framework */,
				6037B1C7187F307D00685A7F /* CoreData.framework */,
				6037B1C8187F307D00685A7F /* Foundation.framework */,
			);
			name = "Other Frameworks";
			sourceTree = "<group>";
		};
		6037B1C9187F307D00685A7F /* Example App */ = {
			isa = PBXGroup;
			children = (
				6037B1D5187F307D00685A7F /* AppDelegate.h */,
				6037B1D6187F307D00685A7F /* AppDelegate.m */,
				6037B1D8187F307D00685A7F /* MainMenu.xib */,
				6037B1DB187F307D00685A7F /* Images.xcassets */,
			);
			name = "Example App";
			path = AccessibilityObserver;
			sourceTree = "<group>";
		};
		6037B1CA187F307D00685A7F /* Supporting Files */ = {
			isa = PBXGroup;
			children = (
				6037B1CB187F307D00685A7F /* AccessibilityObserver-Info.plist */,
				6037B1CC187F307D00685A7F /* InfoPlist.strings */,
				6037B1CF187F307D00685A7F /* main.m */,
				6037B1D1187F307D00685A7F /* AccessibilityObserver-Prefix.pch */,
				6037B1D2187F307D00685A7F /* Credits.rtf */,
			);
			name = "Supporting Files";
			path = AccessibilityObserver;
			sourceTree = "<group>";
		};
		60CDF3F31880A9AA00D3EF18 /* Accessibility Observation */ = {
			isa = PBXGroup;
			children = (
				60CDF3F61880ABFF00D3EF18 /* CAXAccessibilityObserver.h */,
				60CDF3F71880ABFF00D3EF18 /* CAXAccessibilityObserver.m */,
				60CDF3F81880ABFF00D3EF18 /* CAXAccessibilityPanelController.h */,
				60CDF3F91880ABFF00D3EF18 /* CAXAccessibilityPanelController.m */,
				608F872A1951E92300888ECD /* CAXSystemPreferencesUtil.h */,
				608F872B1951E92300888ECD /* CAXSystemPreferencesUtil.m */,
				60CDF3F41880ABFF00D3EF18 /* AccessibilityInfoWindow.xib */,
				60CDF3F51880ABFF00D3EF18 /* AccessibilityResources.xcassets */,
			);
			name = "Accessibility Observation";
			path = AccessibilityObserver;
			sourceTree = "<group>";
		};
/* End PBXGroup section */

/* Begin PBXNativeTarget section */
		6037B1BF187F307D00685A7F /* AccessibilityObserver */ = {
			isa = PBXNativeTarget;
			buildConfigurationList = 6037B1F1187F307D00685A7F /* Build configuration list for PBXNativeTarget "AccessibilityObserver" */;
			buildPhases = (
				6037B1BC187F307D00685A7F /* Sources */,
				6037B1BD187F307D00685A7F /* Frameworks */,
				6037B1BE187F307D00685A7F /* Resources */,
			);
			buildRules = (
			);
			dependencies = (
			);
			name = AccessibilityObserver;
			productName = AccessibilityObserver;
			productReference = 6037B1C0187F307D00685A7F /* AccessibilityObserver.app */;
			productType = "com.apple.product-type.application";
		};
/* End PBXNativeTarget section */

/* Begin PBXProject section */
		6037B1B8187F307C00685A7F /* Project object */ = {
			isa = PBXProject;
			attributes = {
				CLASSPREFIX = CAX;
				LastUpgradeCheck = 1020;
				ORGANIZATIONNAME = "Christian Tietze";
			};
			buildConfigurationList = 6037B1BB187F307C00685A7F /* Build configuration list for PBXProject "AccessibilityObserver" */;
			compatibilityVersion = "Xcode 3.2";
			developmentRegion = en;
			hasScannedForEncodings = 0;
			knownRegions = (
				en,
				Base,
			);
			mainGroup = 6037B1B7187F307C00685A7F;
			productRefGroup = 6037B1C1187F307D00685A7F /* Products */;
			projectDirPath = "";
			projectRoot = "";
			targets = (
				6037B1BF187F307D00685A7F /* AccessibilityObserver */,
			);
		};
/* End PBXProject section */

/* Begin PBXResourcesBuildPhase section */
		6037B1BE187F307D00685A7F /* Resources */ = {
			isa = PBXResourcesBuildPhase;
			buildActionMask = 2147483647;
			files = (
				6037B1CE187F307D00685A7F /* InfoPlist.strings in Resources */,
				6037B1DC187F307D00685A7F /* Images.xcassets in Resources */,
				60CDF3FA1880ABFF00D3EF18 /* AccessibilityInfoWindow.xib in Resources */,
				6037B1D4187F307D00685A7F /* Credits.rtf in Resources */,
				60CDF3FB1880ABFF00D3EF18 /* AccessibilityResources.xcassets in Resources */,
				6037B1DA187F307D00685A7F /* MainMenu.xib in Resources */,
			);
			runOnlyForDeploymentPostprocessing = 0;
		};
/* End PBXResourcesBuildPhase section */

/* Begin PBXSourcesBuildPhase section */
		6037B1BC187F307D00685A7F /* Sources */ = {
			isa = PBXSourcesBuildPhase;
			buildActionMask = 2147483647;
			files = (
				60CDF3FD1880ABFF00D3EF18 /* CAXAccessibilityPanelController.m in Sources */,
				608F872C1951E92300888ECD /* CAXSystemPreferencesUtil.m in Sources */,
				60CDF3FC1880ABFF00D3EF18 /* CAXAccessibilityObserver.m in Sources */,
				6037B1D0187F307D00685A7F /* main.m in Sources */,
				6037B1D7187F307D00685A7F /* AppDelegate.m in Sources */,
			);
			runOnlyForDeploymentPostprocessing = 0;
		};
/* End PBXSourcesBuildPhase section */

/* Begin PBXVariantGroup section */
		6037B1CC187F307D00685A7F /* InfoPlist.strings */ = {
			isa = PBXVariantGroup;
			children = (
				6037B1CD187F307D00685A7F /* en */,
			);
			name = InfoPlist.strings;
			sourceTree = "<group>";
		};
		6037B1D2187F307D00685A7F /* Credits.rtf */ = {
			isa = PBXVariantGroup;
			children = (
				6037B1D3187F307D00685A7F /* en */,
			);
			name = Credits.rtf;
			sourceTree = "<group>";
		};
		6037B1D8187F307D00685A7F /* MainMenu.xib */ = {
			isa = PBXVariantGroup;
			children = (
				6037B1D9187F307D00685A7F /* Base */,
			);
			name = MainMenu.xib;
			sourceTree = "<group>";
		};
/* End PBXVariantGroup section */

/* Begin XCBuildConfiguration section */
		6037B1EF187F307D00685A7F /* Debug */ = {
			isa = XCBuildConfiguration;
			buildSettings = {
				ALWAYS_SEARCH_USER_PATHS = NO;
				CLANG_ANALYZER_LOCALIZABILITY_NONLOCALIZED = YES;
				CLANG_CXX_LANGUAGE_STANDARD = "gnu++0x";
				CLANG_CXX_LIBRARY = "libc++";
				CLANG_ENABLE_OBJC_ARC = YES;
				CLANG_WARN_BLOCK_CAPTURE_AUTORELEASING = YES;
				CLANG_WARN_BOOL_CONVERSION = YES;
				CLANG_WARN_COMMA = YES;
				CLANG_WARN_CONSTANT_CONVERSION = YES;
				CLANG_WARN_DEPRECATED_OBJC_IMPLEMENTATIONS = YES;
				CLANG_WARN_DIRECT_OBJC_ISA_USAGE = YES_ERROR;
				CLANG_WARN_EMPTY_BODY = YES;
				CLANG_WARN_ENUM_CONVERSION = YES;
				CLANG_WARN_INFINITE_RECURSION = YES;
				CLANG_WARN_INT_CONVERSION = YES;
				CLANG_WARN_NON_LITERAL_NULL_CONVERSION = YES;
				CLANG_WARN_OBJC_IMPLICIT_RETAIN_SELF = YES;
				CLANG_WARN_OBJC_LITERAL_CONVERSION = YES;
				CLANG_WARN_OBJC_ROOT_CLASS = YES_ERROR;
				CLANG_WARN_RANGE_LOOP_ANALYSIS = YES;
				CLANG_WARN_STRICT_PROTOTYPES = YES;
				CLANG_WARN_SUSPICIOUS_MOVE = YES;
				CLANG_WARN_UNREACHABLE_CODE = YES;
				CLANG_WARN__DUPLICATE_METHOD_MATCH = YES;
				COPY_PHASE_STRIP = NO;
				ENABLE_STRICT_OBJC_MSGSEND = YES;
				ENABLE_TESTABILITY = YES;
				GCC_C_LANGUAGE_STANDARD = gnu99;
				GCC_DYNAMIC_NO_PIC = NO;
				GCC_ENABLE_OBJC_EXCEPTIONS = YES;
				GCC_NO_COMMON_BLOCKS = YES;
				GCC_OPTIMIZATION_LEVEL = 0;
				GCC_PREPROCESSOR_DEFINITIONS = (
					"DEBUG=1",
					"$(inherited)",
				);
				GCC_SYMBOLS_PRIVATE_EXTERN = NO;
				GCC_WARN_64_TO_32_BIT_CONVERSION = YES;
				GCC_WARN_ABOUT_RETURN_TYPE = YES_ERROR;
				GCC_WARN_UNDECLARED_SELECTOR = YES;
				GCC_WARN_UNINITIALIZED_AUTOS = YES;
				GCC_WARN_UNUSED_FUNCTION = YES;
				GCC_WARN_UNUSED_VARIABLE = YES;
				MACOSX_DEPLOYMENT_TARGET = 10.10;
				ONLY_ACTIVE_ARCH = YES;
				SDKROOT = macosx;
			};
			name = Debug;
		};
		6037B1F0187F307D00685A7F /* Release */ = {
			isa = XCBuildConfiguration;
			buildSettings = {
				ALWAYS_SEARCH_USER_PATHS = NO;
				CLANG_ANALYZER_LOCALIZABILITY_NONLOCALIZED = YES;
				CLANG_CXX_LANGUAGE_STANDARD = "gnu++0x";
				CLANG_CXX_LIBRARY = "libc++";
				CLANG_ENABLE_OBJC_ARC = YES;
				CLANG_WARN_BLOCK_CAPTURE_AUTORELEASING = YES;
				CLANG_WARN_BOOL_CONVERSION = YES;
				CLANG_WARN_COMMA = YES;
				CLANG_WARN_CONSTANT_CONVERSION = YES;
				CLANG_WARN_DEPRECATED_OBJC_IMPLEMENTATIONS = YES;
				CLANG_WARN_DIRECT_OBJC_ISA_USAGE = YES_ERROR;
				CLANG_WARN_EMPTY_BODY = YES;
				CLANG_WARN_ENUM_CONVERSION = YES;
				CLANG_WARN_INFINITE_RECURSION = YES;
				CLANG_WARN_INT_CONVERSION = YES;
				CLANG_WARN_NON_LITERAL_NULL_CONVERSION = YES;
				CLANG_WARN_OBJC_IMPLICIT_RETAIN_SELF = YES;
				CLANG_WARN_OBJC_LITERAL_CONVERSION = YES;
				CLANG_WARN_OBJC_ROOT_CLASS = YES_ERROR;
				CLANG_WARN_RANGE_LOOP_ANALYSIS = YES;
				CLANG_WARN_STRICT_PROTOTYPES = YES;
				CLANG_WARN_SUSPICIOUS_MOVE = YES;
				CLANG_WARN_UNREACHABLE_CODE = YES;
				CLANG_WARN__DUPLICATE_METHOD_MATCH = YES;
				COPY_PHASE_STRIP = YES;
				DEBUG_INFORMATION_FORMAT = "dwarf-with-dsym";
				ENABLE_NS_ASSERTIONS = NO;
				ENABLE_STRICT_OBJC_MSGSEND = YES;
				GCC_C_LANGUAGE_STANDARD = gnu99;
				GCC_ENABLE_OBJC_EXCEPTIONS = YES;
				GCC_NO_COMMON_BLOCKS = YES;
				GCC_WARN_64_TO_32_BIT_CONVERSION = YES;
				GCC_WARN_ABOUT_RETURN_TYPE = YES_ERROR;
				GCC_WARN_UNDECLARED_SELECTOR = YES;
				GCC_WARN_UNINITIALIZED_AUTOS = YES;
				GCC_WARN_UNUSED_FUNCTION = YES;
				GCC_WARN_UNUSED_VARIABLE = YES;
				MACOSX_DEPLOYMENT_TARGET = 10.10;
				SDKROOT = macosx;
			};
			name = Release;
		};
		6037B1F2187F307D00685A7F /* Debug */ = {
			isa = XCBuildConfiguration;
			buildSettings = {
				ASSETCATALOG_COMPILER_APPICON_NAME = AppIcon;
				COMBINE_HIDPI_IMAGES = YES;
				GCC_PRECOMPILE_PREFIX_HEADER = YES;
				GCC_PREFIX_HEADER = "AccessibilityObserver/AccessibilityObserver-Prefix.pch";
				INFOPLIST_FILE = "AccessibilityObserver/AccessibilityObserver-Info.plist";
				PRODUCT_BUNDLE_IDENTIFIER = "de.christiantietze.${PRODUCT_NAME:rfc1034identifier}";
				PRODUCT_NAME = "$(TARGET_NAME)";
				WRAPPER_EXTENSION = app;
			};
			name = Debug;
		};
		6037B1F3187F307D00685A7F /* Release */ = {
			isa = XCBuildConfiguration;
			buildSettings = {
				ASSETCATALOG_COMPILER_APPICON_NAME = AppIcon;
				COMBINE_HIDPI_IMAGES = YES;
				GCC_PRECOMPILE_PREFIX_HEADER = YES;
				GCC_PREFIX_HEADER = "AccessibilityObserver/AccessibilityObserver-Prefix.pch";
				INFOPLIST_FILE = "AccessibilityObserver/AccessibilityObserver-Info.plist";
				PRODUCT_BUNDLE_IDENTIFIER = "de.christiantietze.${PRODUCT_NAME:rfc1034identifier}";
				PRODUCT_NAME = "$(TARGET_NAME)";
				WRAPPER_EXTENSION = app;
			};
			name = Release;
		};
/* End XCBuildConfiguration section */

/* Begin XCConfigurationList section */
		6037B1BB187F307C00685A7F /* Build configuration list for PBXProject "AccessibilityObserver" */ = {
			isa = XCConfigurationList;
			buildConfigurations = (
				6037B1EF187F307D00685A7F /* Debug */,
				6037B1F0187F307D00685A7F /* Release */,
			);
			defaultConfigurationIsVisible = 0;
			defaultConfigurationName = Release;
		};
		6037B1F1187F307D00685A7F /* Build configuration list for PBXNativeTarget "AccessibilityObserver" */ = {
			isa = XCConfigurationList;
			buildConfigurations = (
				6037B1F2187F307D00685A7F /* Debug */,
				6037B1F3187F307D00685A7F /* Release */,
			);
			defaultConfigurationIsVisible = 0;
			defaultConfigurationName = Release;
		};
/* End XCConfigurationList section */
	};
	rootObject = 6037B1B8187F307C00685A7F /* Project object */;
}
